
Microsoft Visual Studio Solution File, Format Version 12.00
# Visual Studio Version 17
VisualStudioVersion = 17.14.36511.14 d17.14
MinimumVisualStudioVersion = 10.0.40219.1
Project("{FAE04EC0-301F-11D3-BF4B-00C04F79EFBC}") = "Explorify.Api.Plubications", "Explorify.Api.Plubications\Explorify.Api.Plubications.csproj", "{8A8B97BB-5233-4C4C-9E60-D4D4E2F4DF19}"
EndProject
Project("{FAE04EC0-301F-11D3-BF4B-00C04F79EFBC}") = "Explorify.Api.Publications.Infraestructure", "Explorify.Api.Publications.Infraestructure\Explorify.Api.Publications.Infraestructure.csproj", "{A3BB5CB3-A8D1-42B3-A9F9-34B4D2A689DB}"
EndProject
Project("{FAE04EC0-301F-11D3-BF4B-00C04F79EFBC}") = "Explorify.Api.Publications.Application", "Explorify.Api.Publications.Application\Explorify.Api.Publications.Application.csproj", "{5F230567-B8A8-4CB2-9E77-B53FBAFB00E4}"
EndProject
Project("{FAE04EC0-301F-11D3-BF4B-00C04F79EFBC}") = "Explorify.Api.Publications.Domain", "Explorify.Api.Publications.Domain\Explorify.Api.Publications.Domain.csproj", "{906A3C1A-67A6-4BE5-BC67-15979C334F41}"
EndProject
Global
	GlobalSection(SolutionConfigurationPlatforms) = preSolution
		Debug|Any CPU = Debug|Any CPU
		Release|Any CPU = Release|Any CPU
	EndGlobalSection
	GlobalSection(ProjectConfigurationPlatforms) = postSolution
		{8A8B97BB-5233-4C4C-9E60-D4D4E2F4DF19}.Debug|Any CPU.ActiveCfg = Debug|Any CPU
		{8A8B97BB-5233-4C4C-9E60-D4D4E2F4DF19}.Debug|Any CPU.Build.0 = Debug|Any CPU
		{8A8B97BB-5233-4C4C-9E60-D4D4E2F4DF19}.Release|Any CPU.ActiveCfg = Release|Any CPU
		{8A8B97BB-5233-4C4C-9E60-D4D4E2F4DF19}.Release|Any CPU.Build.0 = Release|Any CPU
		{A3BB5CB3-A8D1-42B3-A9F9-34B4D2A689DB}.Debug|Any CPU.ActiveCfg = Debug|Any CPU
		{A3BB5CB3-A8D1-42B3-A9F9-34B4D2A689DB}.Debug|Any CPU.Build.0 = Debug|Any CPU
		{A3BB5CB3-A8D1-42B3-A9F9-34B4D2A689DB}.Release|Any CPU.ActiveCfg = Release|Any CPU
		{A3BB5CB3-A8D1-42B3-A9F9-34B4D2A689DB}.Release|Any CPU.Build.0 = Release|Any CPU
		{5F230567-B8A8-4CB2-9E77-B53FBAFB00E4}.Debug|Any CPU.ActiveCfg = Debug|Any CPU
		{5F230567-B8A8-4CB2-9E77-B53FBAFB00E4}.Debug|Any CPU.Build.0 = Debug|Any CPU
		{5F230567-B8A8-4CB2-9E77-B53FBAFB00E4}.Release|Any CPU.ActiveCfg = Release|Any CPU
		{5F230567-B8A8-4CB2-9E77-B53FBAFB00E4}.Release|Any CPU.Build.0 = Release|Any CPU
		{906A3C1A-67A6-4BE5-BC67-15979C334F41}.Debug|Any CPU.ActiveCfg = Debug|Any CPU
		{906A3C1A-67A6-4BE5-BC67-15979C334F41}.Debug|Any CPU.Build.0 = Debug|Any CPU
		{906A3C1A-67A6-4BE5-BC67-15979C334F41}.Release|Any CPU.ActiveCfg = Release|Any CPU
		{906A3C1A-67A6-4BE5-BC67-15979C334F41}.Release|Any CPU.Build.0 = Release|Any CPU
	EndGlobalSection
	GlobalSection(SolutionProperties) = preSolution
		HideSolutionNode = FALSE
	EndGlobalSection
	GlobalSection(ExtensibilityGlobals) = postSolution
		SolutionGuid = {E429FC28-D844-490F-AB9A-D399F1E36C88}
	EndGlobalSection
EndGlobal
