
Microsoft Visual Studio Solution File, Format Version 12.00
# Visual Studio Version 17
VisualStudioVersion = 17.14.36518.9
MinimumVisualStudioVersion = 10.0.40219.1
Project("{FAE04EC0-301F-11D3-BF4B-00C04F79EFBC}") = "Api.Login", "Api.Login\Api.Login.csproj", "{9C52BE3B-6775-4E09-B85F-CE7FEF811DB6}"
EndProject
Project("{2150E333-8FDC-42A3-9474-1A3956D46DE8}") = "Logueo", "Logueo", "{02EA681E-C7D8-13C7-8484-4AC65E1B71E8}"
EndProject
Project("{FAE04EC0-301F-11D3-BF4B-00C04F79EFBC}") = "Logueo.Domain", "Logueo.Domain\Logueo.Domain.csproj", "{63F5F0F5-733E-4B29-8849-D0186726FA13}"
EndProject
Project("{FAE04EC0-301F-11D3-BF4B-00C04F79EFBC}") = "Logueo.Application", "Logueo.Application\Logueo.Application.csproj", "{25AC85E5-7D50-424A-A708-F7AE2349E9C9}"
EndProject
Project("{FAE04EC0-301F-11D3-BF4B-00C04F79EFBC}") = "Logueo.Infrastructure", "Logueo.Infrastructure\Logueo.Infrastructure.csproj", "{28A534A2-A32F-41C3-8930-87BEF19D8823}"
EndProject
Global
	GlobalSection(SolutionConfigurationPlatforms) = preSolution
		Debug|Any CPU = Debug|Any CPU
		Release|Any CPU = Release|Any CPU
	EndGlobalSection
	GlobalSection(ProjectConfigurationPlatforms) = postSolution
		{9C52BE3B-6775-4E09-B85F-CE7FEF811DB6}.Debug|Any CPU.ActiveCfg = Debug|Any CPU
		{9C52BE3B-6775-4E09-B85F-CE7FEF811DB6}.Debug|Any CPU.Build.0 = Debug|Any CPU
		{9C52BE3B-6775-4E09-B85F-CE7FEF811DB6}.Release|Any CPU.ActiveCfg = Release|Any CPU
		{9C52BE3B-6775-4E09-B85F-CE7FEF811DB6}.Release|Any CPU.Build.0 = Release|Any CPU
		{63F5F0F5-733E-4B29-8849-D0186726FA13}.Debug|Any CPU.ActiveCfg = Debug|Any CPU
		{63F5F0F5-733E-4B29-8849-D0186726FA13}.Debug|Any CPU.Build.0 = Debug|Any CPU
		{63F5F0F5-733E-4B29-8849-D0186726FA13}.Release|Any CPU.ActiveCfg = Release|Any CPU
		{63F5F0F5-733E-4B29-8849-D0186726FA13}.Release|Any CPU.Build.0 = Release|Any CPU
		{25AC85E5-7D50-424A-A708-F7AE2349E9C9}.Debug|Any CPU.ActiveCfg = Debug|Any CPU
		{25AC85E5-7D50-424A-A708-F7AE2349E9C9}.Debug|Any CPU.Build.0 = Debug|Any CPU
		{25AC85E5-7D50-424A-A708-F7AE2349E9C9}.Release|Any CPU.ActiveCfg = Release|Any CPU
		{25AC85E5-7D50-424A-A708-F7AE2349E9C9}.Release|Any CPU.Build.0 = Release|Any CPU
		{28A534A2-A32F-41C3-8930-87BEF19D8823}.Debug|Any CPU.ActiveCfg = Debug|Any CPU
		{28A534A2-A32F-41C3-8930-87BEF19D8823}.Debug|Any CPU.Build.0 = Debug|Any CPU
		{28A534A2-A32F-41C3-8930-87BEF19D8823}.Release|Any CPU.ActiveCfg = Release|Any CPU
		{28A534A2-A32F-41C3-8930-87BEF19D8823}.Release|Any CPU.Build.0 = Release|Any CPU
	EndGlobalSection
	GlobalSection(SolutionProperties) = preSolution
		HideSolutionNode = FALSE
	EndGlobalSection
	GlobalSection(NestedProjects) = preSolution
		{63F5F0F5-733E-4B29-8849-D0186726FA13} = {02EA681E-C7D8-13C7-8484-4AC65E1B71E8}
		{25AC85E5-7D50-424A-A708-F7AE2349E9C9} = {02EA681E-C7D8-13C7-8484-4AC65E1B71E8}
		{28A534A2-A32F-41C3-8930-87BEF19D8823} = {02EA681E-C7D8-13C7-8484-4AC65E1B71E8}
	EndGlobalSection
	GlobalSection(ExtensibilityGlobals) = postSolution
		SolutionGuid = {C326333D-1994-4B31-A5FA-800FBA1C99EE}
	EndGlobalSection
EndGlobal
